{
  "renv": {
    "Version": "0.6.0-113"
  },
  "R": {
    "Version": "3.6.1",
    "Repositories": [
      {
        "Name": "CRAN",
        "URL": "https://cran.rstudio.com"
      }
    ]
  },
  "Packages": {
    "AER": {
      "Package": "AER",
      "Version": "1.2-8",
      "Source": "CRAN",
      "Hash": "2d27d656247a1dbee5787e28e0686ec0"
    },
    "BH": {
      "Package": "BH",
      "Version": "1.69.0-1",
      "Source": "CRAN",
      "Hash": "0fde015f5153e51df44981da0767f522"
    },
    "DBI": {
      "Package": "DBI",
      "Version": "1.0.0",
      "Source": "CRAN",
      "Hash": "2b2b6ea2111e1e57e192765d5013a3c5"
    },
    "Formula": {
      "Package": "Formula",
      "Version": "1.2-3",
      "Source": "CRAN",
      "Hash": "f9553de47f7d1a96f855f8bc6dff1dfe"
    },
    "MASS": {
      "Package": "MASS",
      "Version": "7.3-51.4",
      "Source": "CRAN",
      "Hash": "a489ad42493fa9bfac8f3e3a3bc7d4ca"
    },
    "Matrix": {
      "Package": "Matrix",
      "Version": "1.2-17",
      "Source": "CRAN",
      "Hash": "a60009c832f495604f54399f21d89cc8"
    },
    "MatrixModels": {
      "Package": "MatrixModels",
      "Version": "0.4-1",
      "Source": "CRAN",
      "Hash": "90c434e285aaf2b8e9116a4009721021"
    },
    "R6": {
      "Package": "R6",
      "Version": "2.4.0",
      "Source": "CRAN",
      "Hash": "92b50d943a7c76c67918c1e1beb68627"
    },
    "RColorBrewer": {
      "Package": "RColorBrewer",
      "Version": "1.1-2",
      "Source": "CRAN",
      "Hash": "f8a3bcc800d613797f1dfdf8ef4f0bfc"
    },
    "Rcpp": {
      "Package": "Rcpp",
      "Version": "1.0.2",
      "Source": "CRAN",
      "Hash": "c25fa7d5684fa7001ddfea3755243975"
    },
    "RcppArmadillo": {
      "Package": "RcppArmadillo",
      "Version": "0.9.700.2.0",
      "Source": "CRAN",
      "Hash": "786d94663176e5de42e20f838009600b"
    },
    "RcppEigen": {
      "Package": "RcppEigen",
      "Version": "0.3.3.5.0",
      "Source": "CRAN",
      "Hash": "b86bf100354fb8fe4a20b5689e40c7b3"
    },
    "SparseM": {
      "Package": "SparseM",
      "Version": "1.77",
      "Source": "CRAN",
      "Hash": "8cfc3b9a39a1f80b83962e66ddc9daa9"
    },
    "V8": {
      "Package": "V8",
      "Version": "2.3",
      "Source": "CRAN",
      "Hash": "0287ba9640c1a28f389859b0d3c41cfc"
    },
    "abind": {
      "Package": "abind",
      "Version": "1.4-5",
      "Source": "CRAN",
      "Hash": "14cdb8eed4adcbe6e463b0dd82bd778c"
    },
    "askpass": {
      "Package": "askpass",
      "Version": "1.1",
      "Source": "CRAN",
      "Hash": "46678e19f261db289be40292d8e5d5bf"
    },
    "assertthat": {
      "Package": "assertthat",
      "Version": "0.2.1",
      "Source": "CRAN",
      "Hash": "19fb3d0ad048b4eb1a05cacffbae1f66"
    },
    "babynames": {
      "Package": "babynames",
      "Version": "1.0.0",
      "Source": "CRAN",
      "Hash": "0eff4b1c01215852f8d7d82b11afa33c"
    },
    "backports": {
      "Package": "backports",
      "Version": "1.1.5",
      "Source": "CRAN",
      "Hash": "dbb1e40b6f07d378cce8abc3b5fa6326"
    },
    "base64enc": {
      "Package": "base64enc",
      "Version": "0.1-3",
      "Source": "CRAN",
      "Hash": "d355963b4b1c3039bfe8d65611a11cca"
    },
    "blogdown": {
      "Package": "blogdown",
      "Version": "0.15.1",
      "Source": "GitHub",
      "RemoteType": "github",
      "RemoteHost": "api.github.com",
      "RemoteRepo": "blogdown",
      "RemoteUsername": "rstudio",
      "RemoteRef": "master",
      "RemoteSha": "8a460ab11fc4b4366f288b1098b230e6adc2785b",
      "Hash": "be4e11238ff981dbc41bede086a8505e"
    },
    "bookdown": {
      "Package": "bookdown",
      "Version": "0.13",
      "Source": "CRAN",
      "Hash": "2ac6b83fbe5c15bbdd3113bb9402c277"
    },
    "boot": {
      "Package": "boot",
      "Version": "1.3-22",
      "Source": "CRAN",
      "Hash": "d6793731045601ba6fbc24f5b9f537ae"
    },
    "broom": {
      "Package": "broom",
      "Version": "0.5.2",
      "Source": "CRAN",
      "Hash": "a6cfb50e5172a20815db00739aab4e78"
    },
    "callr": {
      "Package": "callr",
      "Version": "3.2.0",
      "Source": "CRAN",
      "Hash": "f1e3e635828bc08b88fc70a722800df5"
    },
    "car": {
      "Package": "car",
      "Version": "3.0-4",
      "Source": "CRAN",
      "Hash": "fc53ec5df80b9cf4ce74b7ae2e3efaa8"
    },
    "carData": {
      "Package": "carData",
      "Version": "3.0-2",
      "Source": "CRAN",
      "Hash": "7b9977f0204b85b63f0db6464b8e3314"
    },
    "cellranger": {
      "Package": "cellranger",
      "Version": "1.1.0",
      "Source": "CRAN",
      "Hash": "2cd2a065192f3ba08a919d8800dba7e0"
    },
    "chron": {
      "Package": "chron",
      "Version": "2.3-54",
      "Source": "CRAN",
      "Hash": "60e1082e7a6c744b7df83481486bf869"
    },
    "cli": {
      "Package": "cli",
      "Version": "1.1.0",
      "Source": "CRAN",
      "Hash": "9b3dc7798f53ba3050b41ce4a3febdc5"
    },
    "clipr": {
      "Package": "clipr",
      "Version": "0.6.0",
      "Source": "CRAN",
      "Hash": "1b4c6b49dca948d2f95a741ae8f52edd"
    },
    "colorspace": {
      "Package": "colorspace",
      "Version": "1.4-1",
      "Source": "CRAN",
      "Hash": "c25d49739abb6ebf4b3d0c3565574226"
    },
    "crayon": {
      "Package": "crayon",
      "Version": "1.3.4",
      "Source": "CRAN",
      "Hash": "d308ead32010b8e4d76c4690427da50b"
    },
    "curl": {
      "Package": "curl",
      "Version": "3.3",
      "Source": "CRAN",
      "Hash": "208293ffee1d8d6988ec5bcbf7bed49e"
    },
    "dagitty": {
      "Package": "dagitty",
      "Version": "0.2-2",
      "Source": "CRAN",
      "Hash": "17a6a539a498a5ab8481036d14181ac5"
    },
    "data.table": {
      "Package": "data.table",
      "Version": "1.12.2",
      "Source": "CRAN",
      "Hash": "f2f76b5c5394350c4d4ee77dab51d35c"
    },
    "dbplyr": {
      "Package": "dbplyr",
      "Version": "1.4.2",
      "Source": "CRAN",
      "Hash": "aa3740879c38e6c11a93bd981521035a"
    },
    "digest": {
      "Package": "digest",
      "Version": "0.6.21",
      "Source": "CRAN",
      "Hash": "5082df7219d58e35b4613c9c687216de"
    },
    "dplyr": {
      "Package": "dplyr",
      "Version": "0.8.3",
      "Source": "CRAN",
      "Hash": "17783831e1e918ab250dcae5dd9c6e03"
    },
    "ellipsis": {
      "Package": "ellipsis",
      "Version": "0.3.0",
      "Source": "CRAN",
      "Hash": "d9e858795a1a4ebfe6960e4514449d40"
    },
    "emo": {
      "Package": "emo",
      "Version": "0.0.0.9000",
      "Source": "GitHub",
      "Remotes": "tidyverse/glue",
      "RemoteType": "github",
      "RemoteHost": "api.github.com",
      "RemoteRepo": "emo",
      "RemoteUsername": "hadley",
      "RemoteRef": "master",
      "RemoteSha": "02a520689861c3354f7c6b575e309280b2a3a172",
      "Hash": "5651e69c9f4e329e5df642ffa47a1176"
    },
    "estimatr": {
      "Package": "estimatr",
      "Version": "0.20.0",
      "Source": "CRAN",
      "Hash": "6d7c13582feb87b9ccd11d2e5a304e5e"
    },
    "evaluate": {
      "Package": "evaluate",
      "Version": "0.14",
      "Source": "CRAN",
      "Hash": "5a6c1949963e0785dbcbb0556337d61e"
    },
    "fansi": {
      "Package": "fansi",
      "Version": "0.4.0",
      "Source": "CRAN",
      "Hash": "cd87b0162287f0da225edfaa2fd3a20c"
    },
    "farver": {
      "Package": "farver",
      "Version": "1.1.0",
      "Source": "CRAN",
      "Hash": "d9bf0922f00c345bef1559e9cfc0846b"
    },
    "forcats": {
      "Package": "forcats",
      "Version": "0.4.0",
      "Source": "CRAN",
      "Hash": "4d7e4a2ed5adadda6714eb7b9361213b"
    },
    "foreign": {
      "Package": "foreign",
      "Version": "0.8-71",
      "Source": "CRAN",
      "Hash": "0a3e9cb4f946d20e3ce0eae1ae17c746"
    },
    "fs": {
      "Package": "fs",
      "Version": "1.3.1",
      "Source": "CRAN",
      "Hash": "dba7e43c4103d978cb7c95b97987cc68"
    },
    "gapminder": {
      "Package": "gapminder",
      "Version": "0.3.0",
      "Source": "CRAN",
      "Hash": "88cead34c8b0cd2aadc1655d42f3e0cd"
    },
    "generics": {
      "Package": "generics",
      "Version": "0.0.2",
      "Source": "CRAN",
      "Hash": "4e8e453aff36dd8ddac10ff157083e4f"
    },
    "ggdag": {
      "Package": "ggdag",
      "Version": "0.2.0",
      "Source": "CRAN",
      "Hash": "36b621b199111371b644b0b83727dd39"
    },
    "ggforce": {
      "Package": "ggforce",
      "Version": "0.3.1",
      "Source": "CRAN",
      "Hash": "67e9ac060ad52a3be4c5be8ca8a428e6"
    },
    "ggplot2": {
      "Package": "ggplot2",
      "Version": "3.2.1",
      "Source": "CRAN",
      "Hash": "635db021d29f3523c4f88e82d0c01c5e"
    },
    "ggraph": {
      "Package": "ggraph",
      "Version": "2.0.0",
      "Source": "CRAN",
      "Hash": "31c57379c1f6ec6c21ea5f0c37d56b68"
    },
    "ggrepel": {
      "Package": "ggrepel",
      "Version": "0.8.1",
      "Source": "CRAN",
      "Hash": "61257084e976294d3c97de988469d019"
    },
    "glue": {
      "Package": "glue",
      "Version": "1.3.1.9000",
      "Source": "GitHub",
      "RemoteType": "github",
      "RemoteHost": "api.github.com",
      "RemoteRepo": "glue",
      "RemoteUsername": "tidyverse",
      "RemoteRef": "master",
      "RemoteSha": "71eeddfa43763880ccc6afd9021553fd728b1821",
      "Hash": "6e2845c5f2b1399a0a080f6b2ce66ad9"
    },
    "graphlayouts": {
      "Package": "graphlayouts",
      "Version": "0.5.0",
      "Source": "CRAN",
      "Hash": "24494d956a2aed31d914ef1f3180069d"
    },
    "gridExtra": {
      "Package": "gridExtra",
      "Version": "2.3",
      "Source": "CRAN",
      "Hash": "4626f6a59a3b1095e7bdc7bd02a3107f"
    },
    "gtable": {
      "Package": "gtable",
      "Version": "0.3.0",
      "Source": "CRAN",
      "Hash": "6a58b2980a57345822ec5f9c7d2d1751"
    },
    "haven": {
      "Package": "haven",
      "Version": "2.1.0",
      "Source": "CRAN",
      "Hash": "31d8409661441373cefa83f4edcc47d9"
    },
    "here": {
      "Package": "here",
      "Version": "0.1",
      "Source": "CRAN",
      "Hash": "17102304d55b3242d6199cddc0fd79f7"
    },
    "highr": {
      "Package": "highr",
      "Version": "0.8",
      "Source": "CRAN",
      "Hash": "43e36bc8bca1d8256f86933659c46349"
    },
    "hms": {
      "Package": "hms",
      "Version": "0.4.2",
      "Source": "CRAN",
      "Hash": "027298fb177899be8299a815a8d5495d"
    },
    "htmltools": {
      "Package": "htmltools",
      "Version": "0.3.6",
      "Source": "CRAN",
      "Hash": "5132526e7fb28a2c20d1ef443d5c4644"
    },
    "httpuv": {
      "Package": "httpuv",
      "Version": "1.5.1",
      "Source": "CRAN",
      "Hash": "3e4206eb62d89401a2a990eba9b3ecac"
    },
    "httr": {
      "Package": "httr",
      "Version": "1.4.0",
      "Source": "CRAN",
      "Hash": "4a241c31afac61ea4a8a672aa5b0b098"
    },
    "huxtable": {
      "Package": "huxtable",
      "Version": "4.7.0",
      "Source": "CRAN",
      "Hash": "dad63d67f01535906e92d5ea95e34898"
    },
    "igraph": {
      "Package": "igraph",
      "Version": "1.2.4.1",
      "Source": "CRAN",
      "Hash": "6eb7a604bc33c66dac0611b7ce75ac69"
    },
    "jsonlite": {
      "Package": "jsonlite",
      "Version": "1.6",
      "Source": "CRAN",
      "Hash": "b7e67b6a7bc2fdae729c0f3ff9026a8a"
    },
    "knitr": {
      "Package": "knitr",
      "Version": "1.24",
      "Source": "CRAN",
      "Hash": "4d5213d0ec43d3ef3415177faa434602"
    },
    "labeling": {
      "Package": "labeling",
      "Version": "0.3",
      "Source": "CRAN",
      "Hash": "e1f613894f080d1eee41c34b281a2184"
    },
    "later": {
      "Package": "later",
      "Version": "0.8.0",
      "Source": "CRAN",
      "Hash": "4d5b806a328e0da75f0f0d4653676552"
    },
    "lattice": {
      "Package": "lattice",
      "Version": "0.20-38",
      "Source": "CRAN",
      "Hash": "6f7aa123115b33bc9ad1ca800874b1de"
    },
    "lazyeval": {
      "Package": "lazyeval",
      "Version": "0.2.2",
      "Source": "CRAN",
      "Hash": "d2f5e98b8b7ae633e252830c3243c2ab"
    },
    "lifecycle": {
      "Package": "lifecycle",
      "Version": "0.1.0",
      "Source": "CRAN",
      "Hash": "670a552ae202a4f69e2e644f524dfffd"
    },
    "lme4": {
      "Package": "lme4",
      "Version": "1.1-21",
      "Source": "CRAN",
      "Hash": "0a3458480f4caf92fc26f7afc54340a4"
    },
    "lmtest": {
      "Package": "lmtest",
      "Version": "0.9-37",
      "Source": "CRAN",
      "Hash": "6b16ba7499ae5dffd8e751864d59b4e9"
    },
    "lpdensity": {
      "Package": "lpdensity",
      "Version": "1.0",
      "Source": "CRAN",
      "Hash": "ec1435d9acfe499597e9f95640f146fa"
    },
    "lubridate": {
      "Package": "lubridate",
      "Version": "1.7.4",
      "Source": "CRAN",
      "Hash": "d55fdb3732a8f047e49b86064dd78984"
    },
    "magrittr": {
      "Package": "magrittr",
      "Version": "1.5",
      "Source": "CRAN",
      "Hash": "dee1d97cffddfd3ed969e224bd0826d0"
    },
    "maptools": {
      "Package": "maptools",
      "Version": "0.9-8",
      "Source": "CRAN",
      "Hash": "4cd7905afbadb0621dab6a2070638fc9"
    },
    "markdown": {
      "Package": "markdown",
      "Version": "1.1",
      "Source": "CRAN",
      "Hash": "80e1f73841614fa35f82a85d66fb41da"
    },
    "memoise": {
      "Package": "memoise",
      "Version": "1.1.0",
      "Source": "CRAN",
      "Hash": "22ca9b285c10f5dd8c4d1e90231ce558"
    },
    "mgcv": {
      "Package": "mgcv",
      "Version": "1.8-28",
      "Source": "CRAN",
      "Hash": "6ac256e4fdcf33c11f9ed987927cc614"
    },
    "mime": {
      "Package": "mime",
      "Version": "0.7",
      "Source": "CRAN",
      "Hash": "908d95ccbfd1dd274073ef07a7c93934"
    },
    "minqa": {
      "Package": "minqa",
      "Version": "1.2.4",
      "Source": "CRAN",
      "Hash": "280c889bf39c330ab77b0d92c1c38931"
    },
    "modelr": {
      "Package": "modelr",
      "Version": "0.1.4",
      "Source": "CRAN",
      "Hash": "4e872a6c94b3fe47bb022010fd131d4b"
    },
    "munsell": {
      "Package": "munsell",
      "Version": "0.5.0",
      "Source": "CRAN",
      "Hash": "9111af6c6dec65538ebd3de6c0bae864"
    },
    "nlme": {
      "Package": "nlme",
      "Version": "3.1-139",
      "Source": "CRAN",
      "Hash": "f37a1edfe478a9226eb53b918c9dd40a"
    },
    "nloptr": {
      "Package": "nloptr",
      "Version": "1.2.1",
      "Source": "CRAN",
      "Hash": "f2696200757bbf2ed222a9d8e72f0a06"
    },
    "nnet": {
      "Package": "nnet",
      "Version": "7.3-12",
      "Source": "CRAN",
      "Hash": "2a92e339b2aeab90147147e2cf7c8310"
    },
    "openssl": {
      "Package": "openssl",
      "Version": "1.4",
      "Source": "CRAN",
      "Hash": "47db5d3cd9a56588a3140eb5716bd03e"
    },
    "openxlsx": {
      "Package": "openxlsx",
      "Version": "4.1.3",
      "Source": "CRAN",
      "Hash": "b4c19a5caf4d5fbcadc85d7e635a9b6b"
    },
    "pander": {
      "Package": "pander",
      "Version": "0.6.3",
      "Source": "CRAN",
      "Hash": "ccc723b9d7b4db7ef57a6109d7835380"
    },
    "patchwork": {
      "Package": "patchwork",
      "Version": "0.0.1",
      "Source": "GitHub",
      "RemoteType": "github",
      "RemoteHost": "api.github.com",
      "RemoteRepo": "patchwork",
      "RemoteUsername": "thomasp85",
      "RemoteRef": "master",
      "RemoteSha": "36b4918777c25393df605a4959a4c9690d2af186",
      "Hash": "6623b17bc5bf1f15411b57e31248fb37"
    },
    "pbkrtest": {
      "Package": "pbkrtest",
      "Version": "0.4-7",
      "Source": "CRAN",
      "Hash": "188d51e37526d3a5525daab0c6a92c3a"
    },
    "pillar": {
      "Package": "pillar",
      "Version": "1.4.2",
      "Source": "CRAN",
      "Hash": "57645ff795277554eee14df5bcee8025"
    },
    "pkgconfig": {
      "Package": "pkgconfig",
      "Version": "2.0.3",
      "Source": "CRAN",
      "Hash": "587295d4cdb937d4e3cf19bd46829326"
    },
    "plogr": {
      "Package": "plogr",
      "Version": "0.2.0",
      "Source": "CRAN",
      "Hash": "1a8304cc1382ef64e3b710ba589d7bc0"
    },
    "plyr": {
      "Package": "plyr",
      "Version": "1.8.4",
      "Source": "CRAN",
      "Hash": "37dd0f3aadee2ac99e47168f4bffddb7"
    },
    "polyclip": {
      "Package": "polyclip",
      "Version": "1.10-0",
      "Source": "CRAN",
      "Hash": "16b33ad02d2d189ec057cfd731da86a6"
    },
    "prettyunits": {
      "Package": "prettyunits",
      "Version": "1.0.2",
      "Source": "CRAN",
      "Hash": "33ce93b23647e85c127f8e1bb08604fc"
    },
    "processx": {
      "Package": "processx",
      "Version": "3.4.1.9000",
      "Source": "GitHub",
      "RemoteType": "github",
      "RemoteHost": "api.github.com",
      "RemoteRepo": "processx",
      "RemoteUsername": "r-pkgs",
      "RemoteRef": "master",
      "RemoteSha": "88437067f84bc27b3d01da05bfdf3714f33d9689",
      "Hash": "5d540d8592044d7a70978d16dca3b416"
    },
    "progress": {
      "Package": "progress",
      "Version": "1.2.2",
      "Source": "CRAN",
      "Hash": "e8c47e04650b07d40c3c50a878a4dffa"
    },
    "promises": {
      "Package": "promises",
      "Version": "1.0.1",
      "Source": "CRAN",
      "Hash": "f80d162b7cef7e36a0134d1f1084e36d"
    },
    "ps": {
      "Package": "ps",
      "Version": "1.3.0",
      "Source": "CRAN",
      "Hash": "a38f3fd447d1595a3da538910054b911"
    },
    "purrr": {
      "Package": "purrr",
      "Version": "0.3.2",
      "Source": "CRAN",
      "Hash": "c360ab7eabd6e38a83f2475eb97c6344"
    },
    "quantreg": {
      "Package": "quantreg",
      "Version": "5.52",
      "Source": "CRAN",
      "Hash": "652309d6e5a90d0c0625d2bcc8508c4c"
    },
    "rddensity": {
      "Package": "rddensity",
      "Version": "1.0",
      "Source": "CRAN",
      "Hash": "b1ed088a4eac64e2b2e8960763efbf27"
    },
    "rdrobust": {
      "Package": "rdrobust",
      "Version": "0.99.4",
      "Source": "CRAN",
      "Hash": "b063b0e69f0f0dc76a98214264f770a6"
    },
    "readr": {
      "Package": "readr",
      "Version": "1.3.1",
      "Source": "CRAN",
      "Hash": "60167b7ec3de99e76ff406aaf0f83bb4"
    },
    "readxl": {
      "Package": "readxl",
      "Version": "1.3.1",
      "Source": "CRAN",
      "Hash": "8a8b4695e87c90cc9423eb8994e76819"
    },
    "rematch": {
      "Package": "rematch",
      "Version": "1.0.1",
      "Source": "CRAN",
      "Hash": "d3d55a556f7f2e74f449d6a53b8abf8e"
    },
    "reprex": {
      "Package": "reprex",
      "Version": "0.3.0",
      "Source": "CRAN",
      "Hash": "e5c16307a512cdaea9adddacde0671af"
    },
    "reshape2": {
      "Package": "reshape2",
      "Version": "1.4.3",
      "Source": "CRAN",
      "Hash": "ac685130d1a25e3f6470960fd29c5693"
    },
    "rio": {
      "Package": "rio",
      "Version": "0.5.16",
      "Source": "CRAN",
      "Hash": "da7bb885000eb8cb231ee4141466ecdb"
    },
    "rlang": {
      "Package": "rlang",
      "Version": "0.4.0",
      "Source": "CRAN",
      "Hash": "8f1bf3a54c8844dc254baabba61cb6a9"
    },
    "rmarkdown": {
      "Package": "rmarkdown",
      "Version": "1.15",
      "Source": "CRAN",
      "Hash": "7009ca49bab0c053098ae99b595bbacb"
    },
    "rprojroot": {
      "Package": "rprojroot",
      "Version": "1.3-2",
      "Source": "CRAN",
      "Hash": "5382761b8b318da6dd3fb0f6dae3c43a"
    },
    "rstudioapi": {
      "Package": "rstudioapi",
      "Version": "0.10",
      "Source": "CRAN",
      "Hash": "04552808fd065fdf0fec7bad340eb83c"
    },
    "rvest": {
      "Package": "rvest",
      "Version": "0.3.4",
      "Source": "CRAN",
      "Hash": "76bb112bc3833454dc701230aa9cb3ed"
    },
    "sandwich": {
      "Package": "sandwich",
      "Version": "2.5-1",
      "Source": "CRAN",
      "Hash": "79e2ac9c226234d19dad0834484400f1"
    },
    "scales": {
      "Package": "scales",
      "Version": "1.0.0",
      "Source": "CRAN",
      "Hash": "a96e9571cd875b7b934990d85b7a3c18"
    },
    "selectr": {
      "Package": "selectr",
      "Version": "0.4-1",
      "Source": "CRAN",
      "Hash": "40ccee5dc2b97e197648525aefcfd0ba"
    },
    "servr": {
      "Package": "servr",
      "Version": "0.15",
      "Source": "CRAN",
      "Hash": "adcd3bbb5259abaf5d4dd667b5dbd62b"
    },
    "sp": {
      "Package": "sp",
      "Version": "1.3-2",
      "Source": "CRAN",
      "Hash": "19bcc842106d0a24c3d92138d83d8f21"
    },
    "stringi": {
      "Package": "stringi",
      "Version": "1.4.3",
      "Source": "CRAN",
      "Hash": "113506f116db9dd5bd1caf46884e0647"
    },
    "stringr": {
      "Package": "stringr",
      "Version": "1.4.0",
      "Source": "CRAN",
      "Hash": "41d6310ad18bd019a203d7adc496a28b"
    },
    "survival": {
      "Package": "survival",
      "Version": "2.44-1.1",
      "Source": "CRAN",
      "Hash": "20bdedb74dc2c866f51e4ec9133480b1"
    },
    "sys": {
      "Package": "sys",
      "Version": "3.2",
      "Source": "CRAN",
      "Hash": "272daf1b3ba287a42d02e33c89870eae"
    },
    "tibble": {
      "Package": "tibble",
      "Version": "2.1.3",
      "Source": "CRAN",
      "Hash": "a8d41bd284e21ab7e776d228dc5bac91"
    },
    "tidygraph": {
      "Package": "tidygraph",
      "Version": "1.1.2",
      "Source": "CRAN",
      "Hash": "72f244d8c6af245ae92392a56fea9f66"
    },
    "tidyr": {
      "Package": "tidyr",
      "Version": "1.0.0",
      "Source": "CRAN",
      "Hash": "8b597bb9db2885612b6bafbc2f83bd08"
    },
    "tidyselect": {
      "Package": "tidyselect",
      "Version": "0.2.5",
      "Source": "CRAN",
      "Hash": "dc3fcbc21f04b293e0794e24982cf357"
    },
    "tidyverse": {
      "Package": "tidyverse",
      "Version": "1.2.1",
      "Source": "CRAN",
      "Hash": "ec414bb606232eb2f242f4e49706a0da"
    },
    "tinytex": {
      "Package": "tinytex",
      "Version": "0.15",
      "Source": "CRAN",
      "Hash": "11c9260eb54db1f55e7573844c2ae8ed"
    },
    "tweenr": {
      "Package": "tweenr",
      "Version": "1.0.1",
      "Source": "CRAN",
      "Hash": "058315498c8c88670cbdf61bcbd71bbb"
    },
    "utf8": {
      "Package": "utf8",
      "Version": "1.1.4",
      "Source": "CRAN",
      "Hash": "3f1a5a5b184f63379f8e6c08d5036c53"
    },
    "vctrs": {
      "Package": "vctrs",
      "Version": "0.2.0",
      "Source": "CRAN",
      "Hash": "4bdc6a6c4c5a434d880b73817d4ea641"
    },
    "viridis": {
      "Package": "viridis",
      "Version": "0.5.1",
      "Source": "CRAN",
      "Hash": "36f082a7e4f833bd4dc4839c5a8d2a84"
    },
    "viridisLite": {
      "Package": "viridisLite",
      "Version": "0.3.0",
      "Source": "CRAN",
      "Hash": "1f264fa42320c4f44b1689d89101e823"
    },
    "wakefield": {
      "Package": "wakefield",
      "Version": "0.3.3",
      "Source": "CRAN",
      "Hash": "967fefcb5f502cd803c43a589ff90324"
    },
    "whisker": {
      "Package": "whisker",
      "Version": "0.3-2",
      "Source": "CRAN",
      "Hash": "c6d8a035a88c6e3222f0efaac18406f6"
    },
    "withr": {
      "Package": "withr",
      "Version": "2.1.2",
      "Source": "CRAN",
      "Hash": "7c9aef08038f47e6c1532ed574a0e087"
    },
    "wooldridge": {
      "Package": "wooldridge",
      "Version": "1.3.1",
      "Source": "CRAN",
      "Hash": "50f79abdb4004d8bc16a96d4e4648bad"
    },
    "xfun": {
      "Package": "xfun",
      "Version": "0.9",
      "Source": "CRAN",
      "Hash": "f577b2b637a64f3b5662430ccc6fa1b7"
    },
    "xml2": {
      "Package": "xml2",
      "Version": "1.2.0.9000",
      "Source": "GitHub",
      "RemoteType": "github",
      "RemoteHost": "api.github.com",
      "RemoteRepo": "xml2",
      "RemoteUsername": "HenrikBengtsson",
      "RemoteRef": "master",
      "RemoteSha": "618bc74b46756b3894e81669cc3a798543d95fc6",
      "Hash": "484b7bc791dafd859d989c1265eb71d9"
    },
    "yaml": {
      "Package": "yaml",
      "Version": "2.2.0",
      "Source": "CRAN",
      "Hash": "3a313c96061c4ac790de611dc57ebd1f"
    },
    "zeallot": {
      "Package": "zeallot",
      "Version": "0.1.0",
      "Source": "CRAN",
      "Hash": "45d65588b02d47970fc84adecb2ee664"
    },
    "zip": {
      "Package": "zip",
      "Version": "2.0.4",
      "Source": "CRAN",
      "Hash": "46b867331ae12e0a3f5b7942cfac16ba"
    },
    "zoo": {
      "Package": "zoo",
      "Version": "1.8-6",
      "Source": "CRAN",
      "Hash": "6a408ac88994695f76d7b4f7f19c4006"
    }
  }
}
